
Microsoft Visual Studio Solution File, Format Version 12.00
# Visual Studio Version 17
VisualStudioVersion = 17.0.32126.317
MinimumVisualStudioVersion = 10.0.40219.1
Project("{9A19103F-16F7-4668-BE54-9A1E7A4F7556}") = "LeaderPivot.XAML.WPF", "LeaderPivot.XAML.WPF\LeaderPivot.XAML.WPF.csproj", "{4FF893CB-F332-4B80-8DA4-214ED26D6658}"
EndProject
Project("{9A19103F-16F7-4668-BE54-9A1E7A4F7556}") = "LeaderPivot.XAML.WPF.Host", "LeaderPivot.XAML.WPF.Host\LeaderPivot.XAML.WPF.Host.csproj", "{FB5AA441-9020-4EBC-99C3-02BE28DDB621}"
EndProject
Project("{2150E333-8FDC-42A3-9474-1A3956D46DE8}") = "Solution Items", "Solution Items", "{C39061ED-79D0-4B5D-A917-6912CD0B5620}"
	ProjectSection(SolutionItems) = preProject
		azure-pipelines.yml = azure-pipelines.yml
		README.md = README.md
		version.json = version.json
	EndProjectSection
EndProject
Global
	GlobalSection(SolutionConfigurationPlatforms) = preSolution
		Debug|Any CPU = Debug|Any CPU
		Release|Any CPU = Release|Any CPU
	EndGlobalSection
	GlobalSection(ProjectConfigurationPlatforms) = postSolution
		{4FF893CB-F332-4B80-8DA4-214ED26D6658}.Debug|Any CPU.ActiveCfg = Debug|Any CPU
		{4FF893CB-F332-4B80-8DA4-214ED26D6658}.Debug|Any CPU.Build.0 = Debug|Any CPU
		{4FF893CB-F332-4B80-8DA4-214ED26D6658}.Release|Any CPU.ActiveCfg = Release|Any CPU
		{4FF893CB-F332-4B80-8DA4-214ED26D6658}.Release|Any CPU.Build.0 = Release|Any CPU
		{FB5AA441-9020-4EBC-99C3-02BE28DDB621}.Debug|Any CPU.ActiveCfg = Debug|Any CPU
		{FB5AA441-9020-4EBC-99C3-02BE28DDB621}.Debug|Any CPU.Build.0 = Debug|Any CPU
		{FB5AA441-9020-4EBC-99C3-02BE28DDB621}.Release|Any CPU.ActiveCfg = Release|Any CPU
		{FB5AA441-9020-4EBC-99C3-02BE28DDB621}.Release|Any CPU.Build.0 = Release|Any CPU
	EndGlobalSection
	GlobalSection(SolutionProperties) = preSolution
		HideSolutionNode = FALSE
	EndGlobalSection
	GlobalSection(ExtensibilityGlobals) = postSolution
		SolutionGuid = {BFB099B6-45EB-441E-8AFD-D0C91103F5EC}
	EndGlobalSection
EndGlobal
